
Microsoft Visual Studio Solution File, Format Version 12.00
# Visual Studio Version 17
VisualStudioVersion = 17.4.33122.133
MinimumVisualStudioVersion = 10.0.40219.1
Project("{2150E333-8FDC-42A3-9474-1A3956D46DE8}") = "Application", "Application", "{5350B5F0-33D4-4A71-BE44-65169C2C3851}"
EndProject
Project("{2150E333-8FDC-42A3-9474-1A3956D46DE8}") = "Business", "Business", "{F4C49C22-FD53-4CF4-AA79-5AFF885817E1}"
EndProject
Project("{2150E333-8FDC-42A3-9474-1A3956D46DE8}") = "Data", "Data", "{B2FFC1A2-1041-4623-8D1B-19C08E46F043}"
EndProject
Project("{2150E333-8FDC-42A3-9474-1A3956D46DE8}") = "Ioc", "Ioc", "{30A36EBD-1D4C-46FB-BC88-250FED039191}"
EndProject
Project("{9A19103F-16F7-4668-BE54-9A1E7A4F7556}") = "Api.Data.Context.Contract", "Api.Data.Context.Contract\Api.Data.Context.Contract.csproj", "{953F3FCA-3603-4AFC-9100-976503BDD5D9}"
EndProject
Project("{9A19103F-16F7-4668-BE54-9A1E7A4F7556}") = "Api.Data.Context", "Api.Data.Context\Api.Data.Context.csproj", "{8A14F86C-162F-406F-8888-75FFECA9E479}"
	ProjectSection(ProjectDependencies) = postProject
		{27908C9A-47DD-4DEE-900E-92CB586DB3E8} = {27908C9A-47DD-4DEE-900E-92CB586DB3E8}
	EndProjectSection
EndProject
Project("{9A19103F-16F7-4668-BE54-9A1E7A4F7556}") = "Api.Data.Repository", "Api.Data.Repository\Api.Data.Repository.csproj", "{2F2B2D95-4960-4E04-A2C7-61D5B355ECB9}"
	ProjectSection(ProjectDependencies) = postProject
		{27908C9A-47DD-4DEE-900E-92CB586DB3E8} = {27908C9A-47DD-4DEE-900E-92CB586DB3E8}
		{45A6B175-BF48-4175-9082-C4AC615E8FC5} = {45A6B175-BF48-4175-9082-C4AC615E8FC5}
		{8A14F86C-162F-406F-8888-75FFECA9E479} = {8A14F86C-162F-406F-8888-75FFECA9E479}
		{953F3FCA-3603-4AFC-9100-976503BDD5D9} = {953F3FCA-3603-4AFC-9100-976503BDD5D9}
	EndProjectSection
EndProject
Project("{9A19103F-16F7-4668-BE54-9A1E7A4F7556}") = "Api.Data.Repository.Contract", "Api.Data.Repository.Contract\Api.Data.Repository.Contract.csproj", "{45A6B175-BF48-4175-9082-C4AC615E8FC5}"
	ProjectSection(ProjectDependencies) = postProject
		{8A14F86C-162F-406F-8888-75FFECA9E479} = {8A14F86C-162F-406F-8888-75FFECA9E479}
		{953F3FCA-3603-4AFC-9100-976503BDD5D9} = {953F3FCA-3603-4AFC-9100-976503BDD5D9}
	EndProjectSection
EndProject
Project("{FAE04EC0-301F-11D3-BF4B-00C04F79EFBC}") = "Api.Data.Entity2", "Api.Data.Entity2\Api.Data.Entity2.csproj", "{27908C9A-47DD-4DEE-900E-92CB586DB3E8}"
EndProject
Project("{FAE04EC0-301F-11D3-BF4B-00C04F79EFBC}") = "Api.Ioc", "Api.Ioc\Api.Ioc.csproj", "{E691A8F6-EBBC-4E61-BA3C-3C46523E484F}"
	ProjectSection(ProjectDependencies) = postProject
		{27908C9A-47DD-4DEE-900E-92CB586DB3E8} = {27908C9A-47DD-4DEE-900E-92CB586DB3E8}
		{2F2B2D95-4960-4E04-A2C7-61D5B355ECB9} = {2F2B2D95-4960-4E04-A2C7-61D5B355ECB9}
		{45A6B175-BF48-4175-9082-C4AC615E8FC5} = {45A6B175-BF48-4175-9082-C4AC615E8FC5}
		{4B5F46A8-0117-41F9-A278-18964678A048} = {4B5F46A8-0117-41F9-A278-18964678A048}
		{527976EF-5578-4233-A8E2-65831DF417EE} = {527976EF-5578-4233-A8E2-65831DF417EE}
		{55DA5A0D-C3C5-474F-9E86-28F097295E85} = {55DA5A0D-C3C5-474F-9E86-28F097295E85}
		{8A14F86C-162F-406F-8888-75FFECA9E479} = {8A14F86C-162F-406F-8888-75FFECA9E479}
		{953F3FCA-3603-4AFC-9100-976503BDD5D9} = {953F3FCA-3603-4AFC-9100-976503BDD5D9}
	EndProjectSection
EndProject
Project("{FAE04EC0-301F-11D3-BF4B-00C04F79EFBC}") = "Api.Business.Service", "Api.Business.Service\Api.Business.Service.csproj", "{55DA5A0D-C3C5-474F-9E86-28F097295E85}"
	ProjectSection(ProjectDependencies) = postProject
		{27908C9A-47DD-4DEE-900E-92CB586DB3E8} = {27908C9A-47DD-4DEE-900E-92CB586DB3E8}
	EndProjectSection
EndProject
Project("{FAE04EC0-301F-11D3-BF4B-00C04F79EFBC}") = "Api.Business.Service.Contract", "Api.Business.Service.Contract\Api.Business.Service.Contract.csproj", "{527976EF-5578-4233-A8E2-65831DF417EE}"
	ProjectSection(ProjectDependencies) = postProject
		{4B5F46A8-0117-41F9-A278-18964678A048} = {4B5F46A8-0117-41F9-A278-18964678A048}
	EndProjectSection
EndProject
Project("{FAE04EC0-301F-11D3-BF4B-00C04F79EFBC}") = "Api.Business.Model", "Api.Business.Model\Api.Business.Model.csproj", "{4B5F46A8-0117-41F9-A278-18964678A048}"
EndProject
Project("{FAE04EC0-301F-11D3-BF4B-00C04F79EFBC}") = "App", "App\App.csproj", "{CC99560E-2575-4C70-AFF0-02EADEDB22C5}"
EndProject
Global
	GlobalSection(SolutionConfigurationPlatforms) = preSolution
		Debug|Any CPU = Debug|Any CPU
		Release|Any CPU = Release|Any CPU
	EndGlobalSection
	GlobalSection(ProjectConfigurationPlatforms) = postSolution
		{953F3FCA-3603-4AFC-9100-976503BDD5D9}.Debug|Any CPU.ActiveCfg = Debug|Any CPU
		{953F3FCA-3603-4AFC-9100-976503BDD5D9}.Debug|Any CPU.Build.0 = Debug|Any CPU
		{953F3FCA-3603-4AFC-9100-976503BDD5D9}.Release|Any CPU.ActiveCfg = Release|Any CPU
		{953F3FCA-3603-4AFC-9100-976503BDD5D9}.Release|Any CPU.Build.0 = Release|Any CPU
		{8A14F86C-162F-406F-8888-75FFECA9E479}.Debug|Any CPU.ActiveCfg = Debug|Any CPU
		{8A14F86C-162F-406F-8888-75FFECA9E479}.Debug|Any CPU.Build.0 = Debug|Any CPU
		{8A14F86C-162F-406F-8888-75FFECA9E479}.Release|Any CPU.ActiveCfg = Release|Any CPU
		{8A14F86C-162F-406F-8888-75FFECA9E479}.Release|Any CPU.Build.0 = Release|Any CPU
		{2F2B2D95-4960-4E04-A2C7-61D5B355ECB9}.Debug|Any CPU.ActiveCfg = Debug|Any CPU
		{2F2B2D95-4960-4E04-A2C7-61D5B355ECB9}.Debug|Any CPU.Build.0 = Debug|Any CPU
		{2F2B2D95-4960-4E04-A2C7-61D5B355ECB9}.Release|Any CPU.ActiveCfg = Release|Any CPU
		{2F2B2D95-4960-4E04-A2C7-61D5B355ECB9}.Release|Any CPU.Build.0 = Release|Any CPU
		{45A6B175-BF48-4175-9082-C4AC615E8FC5}.Debug|Any CPU.ActiveCfg = Debug|Any CPU
		{45A6B175-BF48-4175-9082-C4AC615E8FC5}.Debug|Any CPU.Build.0 = Debug|Any CPU
		{45A6B175-BF48-4175-9082-C4AC615E8FC5}.Release|Any CPU.ActiveCfg = Release|Any CPU
		{45A6B175-BF48-4175-9082-C4AC615E8FC5}.Release|Any CPU.Build.0 = Release|Any CPU
		{27908C9A-47DD-4DEE-900E-92CB586DB3E8}.Debug|Any CPU.ActiveCfg = Debug|Any CPU
		{27908C9A-47DD-4DEE-900E-92CB586DB3E8}.Debug|Any CPU.Build.0 = Debug|Any CPU
		{27908C9A-47DD-4DEE-900E-92CB586DB3E8}.Release|Any CPU.ActiveCfg = Release|Any CPU
		{27908C9A-47DD-4DEE-900E-92CB586DB3E8}.Release|Any CPU.Build.0 = Release|Any CPU
		{E691A8F6-EBBC-4E61-BA3C-3C46523E484F}.Debug|Any CPU.ActiveCfg = Debug|Any CPU
		{E691A8F6-EBBC-4E61-BA3C-3C46523E484F}.Debug|Any CPU.Build.0 = Debug|Any CPU
		{E691A8F6-EBBC-4E61-BA3C-3C46523E484F}.Release|Any CPU.ActiveCfg = Release|Any CPU
		{E691A8F6-EBBC-4E61-BA3C-3C46523E484F}.Release|Any CPU.Build.0 = Release|Any CPU
		{55DA5A0D-C3C5-474F-9E86-28F097295E85}.Debug|Any CPU.ActiveCfg = Debug|Any CPU
		{55DA5A0D-C3C5-474F-9E86-28F097295E85}.Debug|Any CPU.Build.0 = Debug|Any CPU
		{55DA5A0D-C3C5-474F-9E86-28F097295E85}.Release|Any CPU.ActiveCfg = Release|Any CPU
		{55DA5A0D-C3C5-474F-9E86-28F097295E85}.Release|Any CPU.Build.0 = Release|Any CPU
		{527976EF-5578-4233-A8E2-65831DF417EE}.Debug|Any CPU.ActiveCfg = Debug|Any CPU
		{527976EF-5578-4233-A8E2-65831DF417EE}.Debug|Any CPU.Build.0 = Debug|Any CPU
		{527976EF-5578-4233-A8E2-65831DF417EE}.Release|Any CPU.ActiveCfg = Release|Any CPU
		{527976EF-5578-4233-A8E2-65831DF417EE}.Release|Any CPU.Build.0 = Release|Any CPU
		{4B5F46A8-0117-41F9-A278-18964678A048}.Debug|Any CPU.ActiveCfg = Debug|Any CPU
		{4B5F46A8-0117-41F9-A278-18964678A048}.Debug|Any CPU.Build.0 = Debug|Any CPU
		{4B5F46A8-0117-41F9-A278-18964678A048}.Release|Any CPU.ActiveCfg = Release|Any CPU
		{4B5F46A8-0117-41F9-A278-18964678A048}.Release|Any CPU.Build.0 = Release|Any CPU
		{CC99560E-2575-4C70-AFF0-02EADEDB22C5}.Debug|Any CPU.ActiveCfg = Debug|Any CPU
		{CC99560E-2575-4C70-AFF0-02EADEDB22C5}.Debug|Any CPU.Build.0 = Debug|Any CPU
		{CC99560E-2575-4C70-AFF0-02EADEDB22C5}.Release|Any CPU.ActiveCfg = Release|Any CPU
		{CC99560E-2575-4C70-AFF0-02EADEDB22C5}.Release|Any CPU.Build.0 = Release|Any CPU
	EndGlobalSection
	GlobalSection(SolutionProperties) = preSolution
		HideSolutionNode = FALSE
	EndGlobalSection
	GlobalSection(NestedProjects) = preSolution
		{953F3FCA-3603-4AFC-9100-976503BDD5D9} = {B2FFC1A2-1041-4623-8D1B-19C08E46F043}
		{8A14F86C-162F-406F-8888-75FFECA9E479} = {B2FFC1A2-1041-4623-8D1B-19C08E46F043}
		{2F2B2D95-4960-4E04-A2C7-61D5B355ECB9} = {B2FFC1A2-1041-4623-8D1B-19C08E46F043}
		{45A6B175-BF48-4175-9082-C4AC615E8FC5} = {B2FFC1A2-1041-4623-8D1B-19C08E46F043}
		{27908C9A-47DD-4DEE-900E-92CB586DB3E8} = {B2FFC1A2-1041-4623-8D1B-19C08E46F043}
		{E691A8F6-EBBC-4E61-BA3C-3C46523E484F} = {30A36EBD-1D4C-46FB-BC88-250FED039191}
		{55DA5A0D-C3C5-474F-9E86-28F097295E85} = {F4C49C22-FD53-4CF4-AA79-5AFF885817E1}
		{527976EF-5578-4233-A8E2-65831DF417EE} = {F4C49C22-FD53-4CF4-AA79-5AFF885817E1}
		{4B5F46A8-0117-41F9-A278-18964678A048} = {F4C49C22-FD53-4CF4-AA79-5AFF885817E1}
		{CC99560E-2575-4C70-AFF0-02EADEDB22C5} = {5350B5F0-33D4-4A71-BE44-65169C2C3851}
	EndGlobalSection
	GlobalSection(ExtensibilityGlobals) = postSolution
		SolutionGuid = {ED4A62B6-F008-4A77-8860-A406D72AAD06}
	EndGlobalSection
EndGlobal
